
Microsoft Visual Studio Solution File, Format Version 12.00
# Visual Studio Version 16
VisualStudioVersion = 16.0.30804.86
MinimumVisualStudioVersion = 10.0.40219.1
Project("{FAE04EC0-301F-11D3-BF4B-00C04F79EFBC}") = "TBZ.Modul.254.PrintApi", "TBZ.Modul.254.PrintApi\TBZ.Modul.254.PrintApi.csproj", "{8FD6655D-35BC-4F3A-8C9A-07461310814D}"
EndProject
Global
	GlobalSection(SolutionConfigurationPlatforms) = preSolution
		Debug|Any CPU = Debug|Any CPU
		Release|Any CPU = Release|Any CPU
	EndGlobalSection
	GlobalSection(ProjectConfigurationPlatforms) = postSolution
		{8FD6655D-35BC-4F3A-8C9A-07461310814D}.Debug|Any CPU.ActiveCfg = Debug|Any CPU
		{8FD6655D-35BC-4F3A-8C9A-07461310814D}.Debug|Any CPU.Build.0 = Debug|Any CPU
		{8FD6655D-35BC-4F3A-8C9A-07461310814D}.Release|Any CPU.ActiveCfg = Release|Any CPU
		{8FD6655D-35BC-4F3A-8C9A-07461310814D}.Release|Any CPU.Build.0 = Release|Any CPU
	EndGlobalSection
	GlobalSection(SolutionProperties) = preSolution
		HideSolutionNode = FALSE
	EndGlobalSection
	GlobalSection(ExtensibilityGlobals) = postSolution
		SolutionGuid = {315BAB95-9D57-488E-A2DC-CE36EA49A2D9}
	EndGlobalSection
EndGlobal
